// !$*UTF8*$!
{
	archiveVersion = 1;
	classes = {
	};
	objectVersion = 56;
	objects = {

/* Begin PBXBuildFile section */
		56300A8F2B4D2AA400C0B41F /* DeliverySUIApp.swift in Sources */ = {isa = PBXBuildFile; fileRef = 56300A8E2B4D2AA400C0B41F /* DeliverySUIApp.swift */; };
		56300A912B4D2AA400C0B41F /* DeliveryTabView.swift in Sources */ = {isa = PBXBuildFile; fileRef = 56300A902B4D2AA400C0B41F /* DeliveryTabView.swift */; };
		56300A932B4D2AA600C0B41F /* Assets.xcassets in Resources */ = {isa = PBXBuildFile; fileRef = 56300A922B4D2AA600C0B41F /* Assets.xcassets */; };
		56300A962B4D2AA600C0B41F /* Preview Assets.xcassets in Resources */ = {isa = PBXBuildFile; fileRef = 56300A952B4D2AA600C0B41F /* Preview Assets.xcassets */; };
		56300A9D2B4D36CB00C0B41F /* HomeView.swift in Sources */ = {isa = PBXBuildFile; fileRef = 56300A9C2B4D36CB00C0B41F /* HomeView.swift */; };
		56300A9F2B4D36DE00C0B41F /* AccountView.swift in Sources */ = {isa = PBXBuildFile; fileRef = 56300A9E2B4D36DE00C0B41F /* AccountView.swift */; };
		56300AA12B4D36E800C0B41F /* OrderView.swift in Sources */ = {isa = PBXBuildFile; fileRef = 56300AA02B4D36E800C0B41F /* OrderView.swift */; };
		56300AA32B4D397E00C0B41F /* Color+custom.swift in Sources */ = {isa = PBXBuildFile; fileRef = 56300AA22B4D397E00C0B41F /* Color+custom.swift */; };
		56300AA52B4D3EFE00C0B41F /* ProductModel.swift in Sources */ = {isa = PBXBuildFile; fileRef = 56300AA42B4D3EFE00C0B41F /* ProductModel.swift */; };
		5649BA8E2B501948002FF0EC /* AppButton.swift in Sources */ = {isa = PBXBuildFile; fileRef = 5649BA8D2B501948002FF0EC /* AppButton.swift */; };
		5649BA902B501AA0002FF0EC /* DissmisButton.swift in Sources */ = {isa = PBXBuildFile; fileRef = 5649BA8F2B501AA0002FF0EC /* DissmisButton.swift */; };
		5649BA932B5024C0002FF0EC /* AccountViewModel.swift in Sources */ = {isa = PBXBuildFile; fileRef = 5649BA922B5024C0002FF0EC /* AccountViewModel.swift */; };
		5649BA952B502639002FF0EC /* String+isValidEmail.swift in Sources */ = {isa = PBXBuildFile; fileRef = 5649BA942B502639002FF0EC /* String+isValidEmail.swift */; };
		5649BA972B50466C002FF0EC /* UserModel.swift in Sources */ = {isa = PBXBuildFile; fileRef = 5649BA962B50466C002FF0EC /* UserModel.swift */; };
		567882A12B4ED419000108E5 /* RemoteImage.swift in Sources */ = {isa = PBXBuildFile; fileRef = 567882A02B4ED419000108E5 /* RemoteImage.swift */; };
		567882A62B4F05C8000108E5 /* ProductDetailsView.swift in Sources */ = {isa = PBXBuildFile; fileRef = 567882A52B4F05C8000108E5 /* ProductDetailsView.swift */; };
		56B873A82B4D87B600507F37 /* ProductListCell.swift in Sources */ = {isa = PBXBuildFile; fileRef = 56B873A72B4D87B600507F37 /* ProductListCell.swift */; };
		56B873AA2B4D892C00507F37 /* NerworkService.swift in Sources */ = {isa = PBXBuildFile; fileRef = 56B873A92B4D892C00507F37 /* NerworkService.swift */; };
		56CD6E732B4E7B06004D37AB /* HomeViewModel.swift in Sources */ = {isa = PBXBuildFile; fileRef = 56CD6E722B4E7B06004D37AB /* HomeViewModel.swift */; };
		56CD6E752B4E7E72004D37AB /* AlertItem.swift in Sources */ = {isa = PBXBuildFile; fileRef = 56CD6E742B4E7E72004D37AB /* AlertItem.swift */; };
		56CD6E772B4E85C7004D37AB /* LoadingView.swift in Sources */ = {isa = PBXBuildFile; fileRef = 56CD6E762B4E85C7004D37AB /* LoadingView.swift */; };
/* End PBXBuildFile section */

/* Begin PBXFileReference section */
		56300A8B2B4D2AA400C0B41F /* DeliverySUI.app */ = {isa = PBXFileReference; explicitFileType = wrapper.application; includeInIndex = 0; path = DeliverySUI.app; sourceTree = BUILT_PRODUCTS_DIR; };
		56300A8E2B4D2AA400C0B41F /* DeliverySUIApp.swift */ = {isa = PBXFileReference; lastKnownFileType = sourcecode.swift; path = DeliverySUIApp.swift; sourceTree = "<group>"; };
		56300A902B4D2AA400C0B41F /* DeliveryTabView.swift */ = {isa = PBXFileReference; lastKnownFileType = sourcecode.swift; path = DeliveryTabView.swift; sourceTree = "<group>"; };
		56300A922B4D2AA600C0B41F /* Assets.xcassets */ = {isa = PBXFileReference; lastKnownFileType = folder.assetcatalog; path = Assets.xcassets; sourceTree = "<group>"; };
		56300A952B4D2AA600C0B41F /* Preview Assets.xcassets */ = {isa = PBXFileReference; lastKnownFileType = folder.assetcatalog; path = "Preview Assets.xcassets"; sourceTree = "<group>"; };
		56300A9C2B4D36CB00C0B41F /* HomeView.swift */ = {isa = PBXFileReference; lastKnownFileType = sourcecode.swift; path = HomeView.swift; sourceTree = "<group>"; };
		56300A9E2B4D36DE00C0B41F /* AccountView.swift */ = {isa = PBXFileReference; lastKnownFileType = sourcecode.swift; path = AccountView.swift; sourceTree = "<group>"; };
		56300AA02B4D36E800C0B41F /* OrderView.swift */ = {isa = PBXFileReference; lastKnownFileType = sourcecode.swift; path = OrderView.swift; sourceTree = "<group>"; };
		56300AA22B4D397E00C0B41F /* Color+custom.swift */ = {isa = PBXFileReference; lastKnownFileType = sourcecode.swift; path = "Color+custom.swift"; sourceTree = "<group>"; };
		56300AA42B4D3EFE00C0B41F /* ProductModel.swift */ = {isa = PBXFileReference; lastKnownFileType = sourcecode.swift; path = ProductModel.swift; sourceTree = "<group>"; };
		5649BA8D2B501948002FF0EC /* AppButton.swift */ = {isa = PBXFileReference; lastKnownFileType = sourcecode.swift; path = AppButton.swift; sourceTree = "<group>"; };
		5649BA8F2B501AA0002FF0EC /* DissmisButton.swift */ = {isa = PBXFileReference; lastKnownFileType = sourcecode.swift; path = DissmisButton.swift; sourceTree = "<group>"; };
		5649BA922B5024C0002FF0EC /* AccountViewModel.swift */ = {isa = PBXFileReference; lastKnownFileType = sourcecode.swift; path = AccountViewModel.swift; sourceTree = "<group>"; };
		5649BA942B502639002FF0EC /* String+isValidEmail.swift */ = {isa = PBXFileReference; lastKnownFileType = sourcecode.swift; path = "String+isValidEmail.swift"; sourceTree = "<group>"; };
		5649BA962B50466C002FF0EC /* UserModel.swift */ = {isa = PBXFileReference; lastKnownFileType = sourcecode.swift; path = UserModel.swift; sourceTree = "<group>"; };
		567882A02B4ED419000108E5 /* RemoteImage.swift */ = {isa = PBXFileReference; lastKnownFileType = sourcecode.swift; path = RemoteImage.swift; sourceTree = "<group>"; };
		567882A52B4F05C8000108E5 /* ProductDetailsView.swift */ = {isa = PBXFileReference; lastKnownFileType = sourcecode.swift; path = ProductDetailsView.swift; sourceTree = "<group>"; };
		56B873A72B4D87B600507F37 /* ProductListCell.swift */ = {isa = PBXFileReference; lastKnownFileType = sourcecode.swift; path = ProductListCell.swift; sourceTree = "<group>"; };
		56B873A92B4D892C00507F37 /* NerworkService.swift */ = {isa = PBXFileReference; lastKnownFileType = sourcecode.swift; path = NerworkService.swift; sourceTree = "<group>"; };
		56CD6E722B4E7B06004D37AB /* HomeViewModel.swift */ = {isa = PBXFileReference; lastKnownFileType = sourcecode.swift; path = HomeViewModel.swift; sourceTree = "<group>"; };
		56CD6E742B4E7E72004D37AB /* AlertItem.swift */ = {isa = PBXFileReference; lastKnownFileType = sourcecode.swift; path = AlertItem.swift; sourceTree = "<group>"; };
		56CD6E762B4E85C7004D37AB /* LoadingView.swift */ = {isa = PBXFileReference; lastKnownFileType = sourcecode.swift; path = LoadingView.swift; sourceTree = "<group>"; };
/* End PBXFileReference section */

/* Begin PBXFrameworksBuildPhase section */
		56300A882B4D2AA400C0B41F /* Frameworks */ = {
			isa = PBXFrameworksBuildPhase;
			buildActionMask = 2147483647;
			files = (
			);
			runOnlyForDeploymentPostprocessing = 0;
		};
/* End PBXFrameworksBuildPhase section */

/* Begin PBXGroup section */
		56300A822B4D2AA400C0B41F = {
			isa = PBXGroup;
			children = (
				56300A8D2B4D2AA400C0B41F /* DeliverySUI */,
				56300A8C2B4D2AA400C0B41F /* Products */,
			);
			sourceTree = "<group>";
		};
		56300A8C2B4D2AA400C0B41F /* Products */ = {
			isa = PBXGroup;
			children = (
				56300A8B2B4D2AA400C0B41F /* DeliverySUI.app */,
			);
			name = Products;
			sourceTree = "<group>";
		};
		56300A8D2B4D2AA400C0B41F /* DeliverySUI */ = {
			isa = PBXGroup;
			children = (
				56300A8E2B4D2AA400C0B41F /* DeliverySUIApp.swift */,
				5649BA982B504D8F002FF0EC /* Views */,
				56CD6E712B4E758B004D37AB /* Services */,
				56300AAB2B4D419C00C0B41F /* Utilities */,
				56300AAC2B4D41C800C0B41F /* Models */,
				56300AA62B4D414100C0B41F /* Screen */,
				56300A922B4D2AA600C0B41F /* Assets.xcassets */,
				56300A942B4D2AA600C0B41F /* Preview Content */,
			);
			path = DeliverySUI;
			sourceTree = "<group>";
		};
		56300A942B4D2AA600C0B41F /* Preview Content */ = {
			isa = PBXGroup;
			children = (
				56300A952B4D2AA600C0B41F /* Preview Assets.xcassets */,
			);
			path = "Preview Content";
			sourceTree = "<group>";
		};
		56300AA62B4D414100C0B41F /* Screen */ = {
			isa = PBXGroup;
			children = (
				56300A902B4D2AA400C0B41F /* DeliveryTabView.swift */,
				56300AA82B4D415C00C0B41F /* Home */,
				56300AAA2B4D416800C0B41F /* Account */,
				56300AA92B4D416200C0B41F /* Order */,
			);
			path = Screen;
			sourceTree = "<group>";
		};
		56300AA82B4D415C00C0B41F /* Home */ = {
			isa = PBXGroup;
			children = (
				56300A9C2B4D36CB00C0B41F /* HomeView.swift */,
				56CD6E722B4E7B06004D37AB /* HomeViewModel.swift */,
				567882A52B4F05C8000108E5 /* ProductDetailsView.swift */,
				567882A42B4F0501000108E5 /* Views */,
			);
			path = Home;
			sourceTree = "<group>";
		};
		56300AA92B4D416200C0B41F /* Order */ = {
			isa = PBXGroup;
			children = (
				56300AA02B4D36E800C0B41F /* OrderView.swift */,
			);
			path = Order;
			sourceTree = "<group>";
		};
		56300AAA2B4D416800C0B41F /* Account */ = {
			isa = PBXGroup;
			children = (
				56300A9E2B4D36DE00C0B41F /* AccountView.swift */,
				5649BA922B5024C0002FF0EC /* AccountViewModel.swift */,
			);
			path = Account;
			sourceTree = "<group>";
		};
		56300AAB2B4D419C00C0B41F /* Utilities */ = {
			isa = PBXGroup;
			children = (
				56300AA22B4D397E00C0B41F /* Color+custom.swift */,
				5649BA942B502639002FF0EC /* String+isValidEmail.swift */,
			);
			path = Utilities;
			sourceTree = "<group>";
		};
		56300AAC2B4D41C800C0B41F /* Models */ = {
			isa = PBXGroup;
			children = (
				56300AA42B4D3EFE00C0B41F /* ProductModel.swift */,
				5649BA962B50466C002FF0EC /* UserModel.swift */,
			);
			path = Models;
			sourceTree = "<group>";
		};
		5649BA912B501AD7002FF0EC /* Buttons */ = {
			isa = PBXGroup;
			children = (
				5649BA8D2B501948002FF0EC /* AppButton.swift */,
				5649BA8F2B501AA0002FF0EC /* DissmisButton.swift */,
			);
			path = Buttons;
			sourceTree = "<group>";
		};
		5649BA982B504D8F002FF0EC /* Views */ = {
			isa = PBXGroup;
			children = (
				56CD6E782B4E892C004D37AB /* UIKit Components */,
			);
			path = Views;
			sourceTree = "<group>";
		};
		567882A42B4F0501000108E5 /* Views */ = {
			isa = PBXGroup;
			children = (
				56B873A72B4D87B600507F37 /* ProductListCell.swift */,
				567882A02B4ED419000108E5 /* RemoteImage.swift */,
				5649BA912B501AD7002FF0EC /* Buttons */,
			);
			path = Views;
			sourceTree = "<group>";
		};
		56CD6E712B4E758B004D37AB /* Services */ = {
			isa = PBXGroup;
			children = (
				56B873A92B4D892C00507F37 /* NerworkService.swift */,
				56CD6E742B4E7E72004D37AB /* AlertItem.swift */,
			);
			path = Services;
			sourceTree = "<group>";
		};
		56CD6E782B4E892C004D37AB /* UIKit Components */ = {
			isa = PBXGroup;
			children = (
				56CD6E762B4E85C7004D37AB /* LoadingView.swift */,
			);
			path = "UIKit Components";
			sourceTree = "<group>";
		};
/* End PBXGroup section */

/* Begin PBXNativeTarget section */
		56300A8A2B4D2AA400C0B41F /* DeliverySUI */ = {
			isa = PBXNativeTarget;
			buildConfigurationList = 56300A992B4D2AA600C0B41F /* Build configuration list for PBXNativeTarget "DeliverySUI" */;
			buildPhases = (
				56300A872B4D2AA400C0B41F /* Sources */,
				56300A882B4D2AA400C0B41F /* Frameworks */,
				56300A892B4D2AA400C0B41F /* Resources */,
			);
			buildRules = (
			);
			dependencies = (
			);
			name = DeliverySUI;
			productName = DeliverySUI;
			productReference = 56300A8B2B4D2AA400C0B41F /* DeliverySUI.app */;
			productType = "com.apple.product-type.application";
		};
/* End PBXNativeTarget section */

/* Begin PBXProject section */
		56300A832B4D2AA400C0B41F /* Project object */ = {
			isa = PBXProject;
			attributes = {
				BuildIndependentTargetsInParallel = 1;
				LastSwiftUpdateCheck = 1430;
				LastUpgradeCheck = 1430;
				TargetAttributes = {
					56300A8A2B4D2AA400C0B41F = {
						CreatedOnToolsVersion = 14.3.1;
					};
				};
			};
			buildConfigurationList = 56300A862B4D2AA400C0B41F /* Build configuration list for PBXProject "DeliverySUI" */;
			compatibilityVersion = "Xcode 14.0";
			developmentRegion = en;
			hasScannedForEncodings = 0;
			knownRegions = (
				en,
				Base,
			);
			mainGroup = 56300A822B4D2AA400C0B41F;
			productRefGroup = 56300A8C2B4D2AA400C0B41F /* Products */;
			projectDirPath = "";
			projectRoot = "";
			targets = (
				56300A8A2B4D2AA400C0B41F /* DeliverySUI */,
			);
		};
/* End PBXProject section */

/* Begin PBXResourcesBuildPhase section */
		56300A892B4D2AA400C0B41F /* Resources */ = {
			isa = PBXResourcesBuildPhase;
			buildActionMask = 2147483647;
			files = (
				56300A962B4D2AA600C0B41F /* Preview Assets.xcassets in Resources */,
				56300A932B4D2AA600C0B41F /* Assets.xcassets in Resources */,
			);
			runOnlyForDeploymentPostprocessing = 0;
		};
/* End PBXResourcesBuildPhase section */

/* Begin PBXSourcesBuildPhase section */
		56300A872B4D2AA400C0B41F /* Sources */ = {
			isa = PBXSourcesBuildPhase;
			buildActionMask = 2147483647;
			files = (
				56CD6E752B4E7E72004D37AB /* AlertItem.swift in Sources */,
				56300A9F2B4D36DE00C0B41F /* AccountView.swift in Sources */,
				56300A912B4D2AA400C0B41F /* DeliveryTabView.swift in Sources */,
				5649BA952B502639002FF0EC /* String+isValidEmail.swift in Sources */,
				56B873AA2B4D892C00507F37 /* NerworkService.swift in Sources */,
				56CD6E732B4E7B06004D37AB /* HomeViewModel.swift in Sources */,
				56300A8F2B4D2AA400C0B41F /* DeliverySUIApp.swift in Sources */,
				5649BA902B501AA0002FF0EC /* DissmisButton.swift in Sources */,
				567882A12B4ED419000108E5 /* RemoteImage.swift in Sources */,
				56300A9D2B4D36CB00C0B41F /* HomeView.swift in Sources */,
				5649BA8E2B501948002FF0EC /* AppButton.swift in Sources */,
				56300AA32B4D397E00C0B41F /* Color+custom.swift in Sources */,
				56CD6E772B4E85C7004D37AB /* LoadingView.swift in Sources */,
				56B873A82B4D87B600507F37 /* ProductListCell.swift in Sources */,
				567882A62B4F05C8000108E5 /* ProductDetailsView.swift in Sources */,
				5649BA972B50466C002FF0EC /* UserModel.swift in Sources */,
				56300AA52B4D3EFE00C0B41F /* ProductModel.swift in Sources */,
				5649BA932B5024C0002FF0EC /* AccountViewModel.swift in Sources */,
				56300AA12B4D36E800C0B41F /* OrderView.swift in Sources */,
			);
			runOnlyForDeploymentPostprocessing = 0;
		};
/* End PBXSourcesBuildPhase section */

/* Begin XCBuildConfiguration section */
		56300A972B4D2AA600C0B41F /* Debug */ = {
			isa = XCBuildConfiguration;
			buildSettings = {
				ALWAYS_SEARCH_USER_PATHS = NO;
				CLANG_ANALYZER_NONNULL = YES;
				CLANG_ANALYZER_NUMBER_OBJECT_CONVERSION = YES_AGGRESSIVE;
				CLANG_CXX_LANGUAGE_STANDARD = "gnu++20";
				CLANG_ENABLE_MODULES = YES;
				CLANG_ENABLE_OBJC_ARC = YES;
				CLANG_ENABLE_OBJC_WEAK = YES;
				CLANG_WARN_BLOCK_CAPTURE_AUTORELEASING = YES;
				CLANG_WARN_BOOL_CONVERSION = YES;
				CLANG_WARN_COMMA = YES;
				CLANG_WARN_CONSTANT_CONVERSION = YES;
				CLANG_WARN_DEPRECATED_OBJC_IMPLEMENTATIONS = YES;
				CLANG_WARN_DIRECT_OBJC_ISA_USAGE = YES_ERROR;
				CLANG_WARN_DOCUMENTATION_COMMENTS = YES;
				CLANG_WARN_EMPTY_BODY = YES;
				CLANG_WARN_ENUM_CONVERSION = YES;
				CLANG_WARN_INFINITE_RECURSION = YES;
				CLANG_WARN_INT_CONVERSION = YES;
				CLANG_WARN_NON_LITERAL_NULL_CONVERSION = YES;
				CLANG_WARN_OBJC_IMPLICIT_RETAIN_SELF = YES;
				CLANG_WARN_OBJC_LITERAL_CONVERSION = YES;
				CLANG_WARN_OBJC_ROOT_CLASS = YES_ERROR;
				CLANG_WARN_QUOTED_INCLUDE_IN_FRAMEWORK_HEADER = YES;
				CLANG_WARN_RANGE_LOOP_ANALYSIS = YES;
				CLANG_WARN_STRICT_PROTOTYPES = YES;
				CLANG_WARN_SUSPICIOUS_MOVE = YES;
				CLANG_WARN_UNGUARDED_AVAILABILITY = YES_AGGRESSIVE;
				CLANG_WARN_UNREACHABLE_CODE = YES;
				CLANG_WARN__DUPLICATE_METHOD_MATCH = YES;
				COPY_PHASE_STRIP = NO;
				DEBUG_INFORMATION_FORMAT = dwarf;
				ENABLE_STRICT_OBJC_MSGSEND = YES;
				ENABLE_TESTABILITY = YES;
				GCC_C_LANGUAGE_STANDARD = gnu11;
				GCC_DYNAMIC_NO_PIC = NO;
				GCC_NO_COMMON_BLOCKS = YES;
				GCC_OPTIMIZATION_LEVEL = 0;
				GCC_PREPROCESSOR_DEFINITIONS = (
					"DEBUG=1",
					"$(inherited)",
				);
				GCC_WARN_64_TO_32_BIT_CONVERSION = YES;
				GCC_WARN_ABOUT_RETURN_TYPE = YES_ERROR;
				GCC_WARN_UNDECLARED_SELECTOR = YES;
				GCC_WARN_UNINITIALIZED_AUTOS = YES_AGGRESSIVE;
				GCC_WARN_UNUSED_FUNCTION = YES;
				GCC_WARN_UNUSED_VARIABLE = YES;
				IPHONEOS_DEPLOYMENT_TARGET = 16.4;
				MTL_ENABLE_DEBUG_INFO = INCLUDE_SOURCE;
				MTL_FAST_MATH = YES;
				ONLY_ACTIVE_ARCH = YES;
				SDKROOT = iphoneos;
				SWIFT_ACTIVE_COMPILATION_CONDITIONS = DEBUG;
				SWIFT_OPTIMIZATION_LEVEL = "-Onone";
			};
			name = Debug;
		};
		56300A982B4D2AA600C0B41F /* Release */ = {
			isa = XCBuildConfiguration;
			buildSettings = {
				ALWAYS_SEARCH_USER_PATHS = NO;
				CLANG_ANALYZER_NONNULL = YES;
				CLANG_ANALYZER_NUMBER_OBJECT_CONVERSION = YES_AGGRESSIVE;
				CLANG_CXX_LANGUAGE_STANDARD = "gnu++20";
				CLANG_ENABLE_MODULES = YES;
				CLANG_ENABLE_OBJC_ARC = YES;
				CLANG_ENABLE_OBJC_WEAK = YES;
				CLANG_WARN_BLOCK_CAPTURE_AUTORELEASING = YES;
				CLANG_WARN_BOOL_CONVERSION = YES;
				CLANG_WARN_COMMA = YES;
				CLANG_WARN_CONSTANT_CONVERSION = YES;
				CLANG_WARN_DEPRECATED_OBJC_IMPLEMENTATIONS = YES;
				CLANG_WARN_DIRECT_OBJC_ISA_USAGE = YES_ERROR;
				CLANG_WARN_DOCUMENTATION_COMMENTS = YES;
				CLANG_WARN_EMPTY_BODY = YES;
				CLANG_WARN_ENUM_CONVERSION = YES;
				CLANG_WARN_INFINITE_RECURSION = YES;
				CLANG_WARN_INT_CONVERSION = YES;
				CLANG_WARN_NON_LITERAL_NULL_CONVERSION = YES;
				CLANG_WARN_OBJC_IMPLICIT_RETAIN_SELF = YES;
				CLANG_WARN_OBJC_LITERAL_CONVERSION = YES;
				CLANG_WARN_OBJC_ROOT_CLASS = YES_ERROR;
				CLANG_WARN_QUOTED_INCLUDE_IN_FRAMEWORK_HEADER = YES;
				CLANG_WARN_RANGE_LOOP_ANALYSIS = YES;
				CLANG_WARN_STRICT_PROTOTYPES = YES;
				CLANG_WARN_SUSPICIOUS_MOVE = YES;
				CLANG_WARN_UNGUARDED_AVAILABILITY = YES_AGGRESSIVE;
				CLANG_WARN_UNREACHABLE_CODE = YES;
				CLANG_WARN__DUPLICATE_METHOD_MATCH = YES;
				COPY_PHASE_STRIP = NO;
				DEBUG_INFORMATION_FORMAT = "dwarf-with-dsym";
				ENABLE_NS_ASSERTIONS = NO;
				ENABLE_STRICT_OBJC_MSGSEND = YES;
				GCC_C_LANGUAGE_STANDARD = gnu11;
				GCC_NO_COMMON_BLOCKS = YES;
				GCC_WARN_64_TO_32_BIT_CONVERSION = YES;
				GCC_WARN_ABOUT_RETURN_TYPE = YES_ERROR;
				GCC_WARN_UNDECLARED_SELECTOR = YES;
				GCC_WARN_UNINITIALIZED_AUTOS = YES_AGGRESSIVE;
				GCC_WARN_UNUSED_FUNCTION = YES;
				GCC_WARN_UNUSED_VARIABLE = YES;
				IPHONEOS_DEPLOYMENT_TARGET = 16.4;
				MTL_ENABLE_DEBUG_INFO = NO;
				MTL_FAST_MATH = YES;
				SDKROOT = iphoneos;
				SWIFT_COMPILATION_MODE = wholemodule;
				SWIFT_OPTIMIZATION_LEVEL = "-O";
				VALIDATE_PRODUCT = YES;
			};
			name = Release;
		};
		56300A9A2B4D2AA600C0B41F /* Debug */ = {
			isa = XCBuildConfiguration;
			buildSettings = {
				ASSETCATALOG_COMPILER_APPICON_NAME = AppIcon;
				ASSETCATALOG_COMPILER_GLOBAL_ACCENT_COLOR_NAME = AccentColor;
				CODE_SIGN_STYLE = Automatic;
				CURRENT_PROJECT_VERSION = 1;
				DEVELOPMENT_ASSET_PATHS = "\"DeliverySUI/Preview Content\"";
				DEVELOPMENT_TEAM = CK7G8B5AC6;
				ENABLE_PREVIEWS = YES;
				GENERATE_INFOPLIST_FILE = YES;
				INFOPLIST_KEY_UIApplicationSceneManifest_Generation = YES;
				INFOPLIST_KEY_UIApplicationSupportsIndirectInputEvents = YES;
				INFOPLIST_KEY_UILaunchScreen_Generation = YES;
				INFOPLIST_KEY_UISupportedInterfaceOrientations_iPad = "UIInterfaceOrientationPortrait UIInterfaceOrientationPortraitUpsideDown UIInterfaceOrientationLandscapeLeft UIInterfaceOrientationLandscapeRight";
				INFOPLIST_KEY_UISupportedInterfaceOrientations_iPhone = "UIInterfaceOrientationPortrait UIInterfaceOrientationLandscapeLeft UIInterfaceOrientationLandscapeRight";
				LD_RUNPATH_SEARCH_PATHS = (
					"$(inherited)",
					"@executable_path/Frameworks",
				);
				MARKETING_VERSION = 1.0;
				PRODUCT_BUNDLE_IDENTIFIER = d.o.kononov.DeliverySUI;
				PRODUCT_NAME = "$(TARGET_NAME)";
				SWIFT_EMIT_LOC_STRINGS = YES;
				SWIFT_VERSION = 5.0;
				TARGETED_DEVICE_FAMILY = "1,2";
			};
			name = Debug;
		};
		56300A9B2B4D2AA600C0B41F /* Release */ = {
			isa = XCBuildConfiguration;
			buildSettings = {
				ASSETCATALOG_COMPILER_APPICON_NAME = AppIcon;
				ASSETCATALOG_COMPILER_GLOBAL_ACCENT_COLOR_NAME = AccentColor;
				CODE_SIGN_STYLE = Automatic;
				CURRENT_PROJECT_VERSION = 1;
				DEVELOPMENT_ASSET_PATHS = "\"DeliverySUI/Preview Content\"";
				DEVELOPMENT_TEAM = CK7G8B5AC6;
				ENABLE_PREVIEWS = YES;
				GENERATE_INFOPLIST_FILE = YES;
				INFOPLIST_KEY_UIApplicationSceneManifest_Generation = YES;
				INFOPLIST_KEY_UIApplicationSupportsIndirectInputEvents = YES;
				INFOPLIST_KEY_UILaunchScreen_Generation = YES;
				INFOPLIST_KEY_UISupportedInterfaceOrientations_iPad = "UIInterfaceOrientationPortrait UIInterfaceOrientationPortraitUpsideDown UIInterfaceOrientationLandscapeLeft UIInterfaceOrientationLandscapeRight";
				INFOPLIST_KEY_UISupportedInterfaceOrientations_iPhone = "UIInterfaceOrientationPortrait UIInterfaceOrientationLandscapeLeft UIInterfaceOrientationLandscapeRight";
				LD_RUNPATH_SEARCH_PATHS = (
					"$(inherited)",
					"@executable_path/Frameworks",
				);
				MARKETING_VERSION = 1.0;
				PRODUCT_BUNDLE_IDENTIFIER = d.o.kononov.DeliverySUI;
				PRODUCT_NAME = "$(TARGET_NAME)";
				SWIFT_EMIT_LOC_STRINGS = YES;
				SWIFT_VERSION = 5.0;
				TARGETED_DEVICE_FAMILY = "1,2";
			};
			name = Release;
		};
/* End XCBuildConfiguration section */

/* Begin XCConfigurationList section */
		56300A862B4D2AA400C0B41F /* Build configuration list for PBXProject "DeliverySUI" */ = {
			isa = XCConfigurationList;
			buildConfigurations = (
				56300A972B4D2AA600C0B41F /* Debug */,
				56300A982B4D2AA600C0B41F /* Release */,
			);
			defaultConfigurationIsVisible = 0;
			defaultConfigurationName = Release;
		};
		56300A992B4D2AA600C0B41F /* Build configuration list for PBXNativeTarget "DeliverySUI" */ = {
			isa = XCConfigurationList;
			buildConfigurations = (
				56300A9A2B4D2AA600C0B41F /* Debug */,
				56300A9B2B4D2AA600C0B41F /* Release */,
			);
			defaultConfigurationIsVisible = 0;
			defaultConfigurationName = Release;
		};
/* End XCConfigurationList section */
	};
	rootObject = 56300A832B4D2AA400C0B41F /* Project object */;
}
